
Microsoft Visual Studio Solution File, Format Version 12.00
# Visual Studio Version 17
VisualStudioVersion = 17.0.31903.59
MinimumVisualStudioVersion = 10.0.40219.1
Project("{2150E333-8FDC-42A3-9474-1A3956D46DE8}") = "src", "src", "{827E0CD3-B72D-47B6-A68D-7590B98EB39B}"
EndProject
Project("{FAE04EC0-301F-11D3-BF4B-00C04F79EFBC}") = "Valifier.Domain", "src\Valifier.Domain\Valifier.Domain.csproj", "{8BE58C10-DD11-4674-AC9E-4768959A4EFB}"
EndProject
Project("{FAE04EC0-301F-11D3-BF4B-00C04F79EFBC}") = "Valifier.Application", "src\Valifier.Application\Valifier.Application.csproj", "{2F9E27E1-66EA-4F39-96AA-742DD530ED11}"
EndProject
Project("{FAE04EC0-301F-11D3-BF4B-00C04F79EFBC}") = "Valifier.Infrastructure", "src\Valifier.Infrastructure\Valifier.Infrastructure.csproj", "{70374D0A-A5B9-4328-9147-18ECE27223A1}"
EndProject
Project("{FAE04EC0-301F-11D3-BF4B-00C04F79EFBC}") = "Valifier.Contracts", "src\Valifier.Contracts\Valifier.Contracts.csproj", "{0DA2A4D1-AAE4-4440-A702-E830327BEC41}"
EndProject
Project("{FAE04EC0-301F-11D3-BF4B-00C04F79EFBC}") = "Valifier.Web", "src\Valifier.Web\Valifier.Web.csproj", "{5B911018-4206-4B4C-B038-663129691561}"
EndProject
Project("{FAE04EC0-301F-11D3-BF4B-00C04F79EFBC}") = "Valifier.Web.Client", "src\Valifier.Web.Client\Valifier.Web.Client.csproj", "{3523E443-C10E-4E6D-B518-4C7AAAE395AC}"
EndProject
Project("{2150E333-8FDC-42A3-9474-1A3956D46DE8}") = "tests", "tests", "{0AB3BF05-4346-4AA6-1389-037BE0695223}"
EndProject
Project("{FAE04EC0-301F-11D3-BF4B-00C04F79EFBC}") = "Valifier.Domain.Tests", "tests\Valifier.Domain.Tests\Valifier.Domain.Tests.csproj", "{EB2EB499-7095-44A7-8954-96E77643D9BE}"
EndProject
Project("{FAE04EC0-301F-11D3-BF4B-00C04F79EFBC}") = "Valifier.Application.Tests", "tests\Valifier.Application.Tests\Valifier.Application.Tests.csproj", "{5357D2F6-587D-4D76-B777-0B587FFE6175}"
EndProject
Project("{FAE04EC0-301F-11D3-BF4B-00C04F79EFBC}") = "Valifier.Infrastructure.Tests", "tests\Valifier.Infrastructure.Tests\Valifier.Infrastructure.Tests.csproj", "{814C72B4-BD21-45EA-9563-45C3E24C526A}"
EndProject
Project("{FAE04EC0-301F-11D3-BF4B-00C04F79EFBC}") = "Valifier.Web.IntegrationTests", "tests\Valifier.Web.IntegrationTests\Valifier.Web.IntegrationTests.csproj", "{42B8235C-A2D2-4D1A-89EB-2904CA8879EA}"
EndProject
Project("{FAE04EC0-301F-11D3-BF4B-00C04F79EFBC}") = "Valifier.ArchitectureTests", "tests\Valifier.ArchitectureTests\Valifier.ArchitectureTests.csproj", "{FF1262F1-6CE3-4CCE-9B2E-C7D7618A9546}"
EndProject
Global
	GlobalSection(SolutionConfigurationPlatforms) = preSolution
		Debug|Any CPU = Debug|Any CPU
		Debug|x64 = Debug|x64
		Debug|x86 = Debug|x86
		Release|Any CPU = Release|Any CPU
		Release|x64 = Release|x64
		Release|x86 = Release|x86
	EndGlobalSection
	GlobalSection(ProjectConfigurationPlatforms) = postSolution
		{8BE58C10-DD11-4674-AC9E-4768959A4EFB}.Debug|Any CPU.ActiveCfg = Debug|Any CPU
		{8BE58C10-DD11-4674-AC9E-4768959A4EFB}.Debug|Any CPU.Build.0 = Debug|Any CPU
		{8BE58C10-DD11-4674-AC9E-4768959A4EFB}.Debug|x64.ActiveCfg = Debug|Any CPU
		{8BE58C10-DD11-4674-AC9E-4768959A4EFB}.Debug|x64.Build.0 = Debug|Any CPU
		{8BE58C10-DD11-4674-AC9E-4768959A4EFB}.Debug|x86.ActiveCfg = Debug|Any CPU
		{8BE58C10-DD11-4674-AC9E-4768959A4EFB}.Debug|x86.Build.0 = Debug|Any CPU
		{8BE58C10-DD11-4674-AC9E-4768959A4EFB}.Release|Any CPU.ActiveCfg = Release|Any CPU
		{8BE58C10-DD11-4674-AC9E-4768959A4EFB}.Release|Any CPU.Build.0 = Release|Any CPU
		{8BE58C10-DD11-4674-AC9E-4768959A4EFB}.Release|x64.ActiveCfg = Release|Any CPU
		{8BE58C10-DD11-4674-AC9E-4768959A4EFB}.Release|x64.Build.0 = Release|Any CPU
		{8BE58C10-DD11-4674-AC9E-4768959A4EFB}.Release|x86.ActiveCfg = Release|Any CPU
		{8BE58C10-DD11-4674-AC9E-4768959A4EFB}.Release|x86.Build.0 = Release|Any CPU
		{2F9E27E1-66EA-4F39-96AA-742DD530ED11}.Debug|Any CPU.ActiveCfg = Debug|Any CPU
		{2F9E27E1-66EA-4F39-96AA-742DD530ED11}.Debug|Any CPU.Build.0 = Debug|Any CPU
		{2F9E27E1-66EA-4F39-96AA-742DD530ED11}.Debug|x64.ActiveCfg = Debug|Any CPU
		{2F9E27E1-66EA-4F39-96AA-742DD530ED11}.Debug|x64.Build.0 = Debug|Any CPU
		{2F9E27E1-66EA-4F39-96AA-742DD530ED11}.Debug|x86.ActiveCfg = Debug|Any CPU
		{2F9E27E1-66EA-4F39-96AA-742DD530ED11}.Debug|x86.Build.0 = Debug|Any CPU
		{2F9E27E1-66EA-4F39-96AA-742DD530ED11}.Release|Any CPU.ActiveCfg = Release|Any CPU
		{2F9E27E1-66EA-4F39-96AA-742DD530ED11}.Release|Any CPU.Build.0 = Release|Any CPU
		{2F9E27E1-66EA-4F39-96AA-742DD530ED11}.Release|x64.ActiveCfg = Release|Any CPU
		{2F9E27E1-66EA-4F39-96AA-742DD530ED11}.Release|x64.Build.0 = Release|Any CPU
		{2F9E27E1-66EA-4F39-96AA-742DD530ED11}.Release|x86.ActiveCfg = Release|Any CPU
		{2F9E27E1-66EA-4F39-96AA-742DD530ED11}.Release|x86.Build.0 = Release|Any CPU
		{70374D0A-A5B9-4328-9147-18ECE27223A1}.Debug|Any CPU.ActiveCfg = Debug|Any CPU
		{70374D0A-A5B9-4328-9147-18ECE27223A1}.Debug|Any CPU.Build.0 = Debug|Any CPU
		{70374D0A-A5B9-4328-9147-18ECE27223A1}.Debug|x64.ActiveCfg = Debug|Any CPU
		{70374D0A-A5B9-4328-9147-18ECE27223A1}.Debug|x64.Build.0 = Debug|Any CPU
		{70374D0A-A5B9-4328-9147-18ECE27223A1}.Debug|x86.ActiveCfg = Debug|Any CPU
		{70374D0A-A5B9-4328-9147-18ECE27223A1}.Debug|x86.Build.0 = Debug|Any CPU
		{70374D0A-A5B9-4328-9147-18ECE27223A1}.Release|Any CPU.ActiveCfg = Release|Any CPU
		{70374D0A-A5B9-4328-9147-18ECE27223A1}.Release|Any CPU.Build.0 = Release|Any CPU
		{70374D0A-A5B9-4328-9147-18ECE27223A1}.Release|x64.ActiveCfg = Release|Any CPU
		{70374D0A-A5B9-4328-9147-18ECE27223A1}.Release|x64.Build.0 = Release|Any CPU
		{70374D0A-A5B9-4328-9147-18ECE27223A1}.Release|x86.ActiveCfg = Release|Any CPU
		{70374D0A-A5B9-4328-9147-18ECE27223A1}.Release|x86.Build.0 = Release|Any CPU
		{0DA2A4D1-AAE4-4440-A702-E830327BEC41}.Debug|Any CPU.ActiveCfg = Debug|Any CPU
		{0DA2A4D1-AAE4-4440-A702-E830327BEC41}.Debug|Any CPU.Build.0 = Debug|Any CPU
		{0DA2A4D1-AAE4-4440-A702-E830327BEC41}.Debug|x64.ActiveCfg = Debug|Any CPU
		{0DA2A4D1-AAE4-4440-A702-E830327BEC41}.Debug|x64.Build.0 = Debug|Any CPU
		{0DA2A4D1-AAE4-4440-A702-E830327BEC41}.Debug|x86.ActiveCfg = Debug|Any CPU
		{0DA2A4D1-AAE4-4440-A702-E830327BEC41}.Debug|x86.Build.0 = Debug|Any CPU
		{0DA2A4D1-AAE4-4440-A702-E830327BEC41}.Release|Any CPU.ActiveCfg = Release|Any CPU
		{0DA2A4D1-AAE4-4440-A702-E830327BEC41}.Release|Any CPU.Build.0 = Release|Any CPU
		{0DA2A4D1-AAE4-4440-A702-E830327BEC41}.Release|x64.ActiveCfg = Release|Any CPU
		{0DA2A4D1-AAE4-4440-A702-E830327BEC41}.Release|x64.Build.0 = Release|Any CPU
		{0DA2A4D1-AAE4-4440-A702-E830327BEC41}.Release|x86.ActiveCfg = Release|Any CPU
		{0DA2A4D1-AAE4-4440-A702-E830327BEC41}.Release|x86.Build.0 = Release|Any CPU
		{5B911018-4206-4B4C-B038-663129691561}.Debug|Any CPU.ActiveCfg = Debug|Any CPU
		{5B911018-4206-4B4C-B038-663129691561}.Debug|Any CPU.Build.0 = Debug|Any CPU
		{5B911018-4206-4B4C-B038-663129691561}.Debug|x64.ActiveCfg = Debug|Any CPU
		{5B911018-4206-4B4C-B038-663129691561}.Debug|x64.Build.0 = Debug|Any CPU
		{5B911018-4206-4B4C-B038-663129691561}.Debug|x86.ActiveCfg = Debug|Any CPU
		{5B911018-4206-4B4C-B038-663129691561}.Debug|x86.Build.0 = Debug|Any CPU
		{5B911018-4206-4B4C-B038-663129691561}.Release|Any CPU.ActiveCfg = Release|Any CPU
		{5B911018-4206-4B4C-B038-663129691561}.Release|Any CPU.Build.0 = Release|Any CPU
		{5B911018-4206-4B4C-B038-663129691561}.Release|x64.ActiveCfg = Release|Any CPU
		{5B911018-4206-4B4C-B038-663129691561}.Release|x64.Build.0 = Release|Any CPU
		{5B911018-4206-4B4C-B038-663129691561}.Release|x86.ActiveCfg = Release|Any CPU
		{5B911018-4206-4B4C-B038-663129691561}.Release|x86.Build.0 = Release|Any CPU
		{3523E443-C10E-4E6D-B518-4C7AAAE395AC}.Debug|Any CPU.ActiveCfg = Debug|Any CPU
		{3523E443-C10E-4E6D-B518-4C7AAAE395AC}.Debug|Any CPU.Build.0 = Debug|Any CPU
		{3523E443-C10E-4E6D-B518-4C7AAAE395AC}.Debug|x64.ActiveCfg = Debug|Any CPU
		{3523E443-C10E-4E6D-B518-4C7AAAE395AC}.Debug|x64.Build.0 = Debug|Any CPU
		{3523E443-C10E-4E6D-B518-4C7AAAE395AC}.Debug|x86.ActiveCfg = Debug|Any CPU
		{3523E443-C10E-4E6D-B518-4C7AAAE395AC}.Debug|x86.Build.0 = Debug|Any CPU
		{3523E443-C10E-4E6D-B518-4C7AAAE395AC}.Release|Any CPU.ActiveCfg = Release|Any CPU
		{3523E443-C10E-4E6D-B518-4C7AAAE395AC}.Release|Any CPU.Build.0 = Release|Any CPU
		{3523E443-C10E-4E6D-B518-4C7AAAE395AC}.Release|x64.ActiveCfg = Release|Any CPU
		{3523E443-C10E-4E6D-B518-4C7AAAE395AC}.Release|x64.Build.0 = Release|Any CPU
		{3523E443-C10E-4E6D-B518-4C7AAAE395AC}.Release|x86.ActiveCfg = Release|Any CPU
		{3523E443-C10E-4E6D-B518-4C7AAAE395AC}.Release|x86.Build.0 = Release|Any CPU
		{EB2EB499-7095-44A7-8954-96E77643D9BE}.Debug|Any CPU.ActiveCfg = Debug|Any CPU
		{EB2EB499-7095-44A7-8954-96E77643D9BE}.Debug|Any CPU.Build.0 = Debug|Any CPU
		{EB2EB499-7095-44A7-8954-96E77643D9BE}.Debug|x64.ActiveCfg = Debug|Any CPU
		{EB2EB499-7095-44A7-8954-96E77643D9BE}.Debug|x64.Build.0 = Debug|Any CPU
		{EB2EB499-7095-44A7-8954-96E77643D9BE}.Debug|x86.ActiveCfg = Debug|Any CPU
		{EB2EB499-7095-44A7-8954-96E77643D9BE}.Debug|x86.Build.0 = Debug|Any CPU
		{EB2EB499-7095-44A7-8954-96E77643D9BE}.Release|Any CPU.ActiveCfg = Release|Any CPU
		{EB2EB499-7095-44A7-8954-96E77643D9BE}.Release|Any CPU.Build.0 = Release|Any CPU
		{EB2EB499-7095-44A7-8954-96E77643D9BE}.Release|x64.ActiveCfg = Release|Any CPU
		{EB2EB499-7095-44A7-8954-96E77643D9BE}.Release|x64.Build.0 = Release|Any CPU
		{EB2EB499-7095-44A7-8954-96E77643D9BE}.Release|x86.ActiveCfg = Release|Any CPU
		{EB2EB499-7095-44A7-8954-96E77643D9BE}.Release|x86.Build.0 = Release|Any CPU
		{5357D2F6-587D-4D76-B777-0B587FFE6175}.Debug|Any CPU.ActiveCfg = Debug|Any CPU
		{5357D2F6-587D-4D76-B777-0B587FFE6175}.Debug|Any CPU.Build.0 = Debug|Any CPU
		{5357D2F6-587D-4D76-B777-0B587FFE6175}.Debug|x64.ActiveCfg = Debug|Any CPU
		{5357D2F6-587D-4D76-B777-0B587FFE6175}.Debug|x64.Build.0 = Debug|Any CPU
		{5357D2F6-587D-4D76-B777-0B587FFE6175}.Debug|x86.ActiveCfg = Debug|Any CPU
		{5357D2F6-587D-4D76-B777-0B587FFE6175}.Debug|x86.Build.0 = Debug|Any CPU
		{5357D2F6-587D-4D76-B777-0B587FFE6175}.Release|Any CPU.ActiveCfg = Release|Any CPU
		{5357D2F6-587D-4D76-B777-0B587FFE6175}.Release|Any CPU.Build.0 = Release|Any CPU
		{5357D2F6-587D-4D76-B777-0B587FFE6175}.Release|x64.ActiveCfg = Release|Any CPU
		{5357D2F6-587D-4D76-B777-0B587FFE6175}.Release|x64.Build.0 = Release|Any CPU
		{5357D2F6-587D-4D76-B777-0B587FFE6175}.Release|x86.ActiveCfg = Release|Any CPU
		{5357D2F6-587D-4D76-B777-0B587FFE6175}.Release|x86.Build.0 = Release|Any CPU
		{814C72B4-BD21-45EA-9563-45C3E24C526A}.Debug|Any CPU.ActiveCfg = Debug|Any CPU
		{814C72B4-BD21-45EA-9563-45C3E24C526A}.Debug|Any CPU.Build.0 = Debug|Any CPU
		{814C72B4-BD21-45EA-9563-45C3E24C526A}.Debug|x64.ActiveCfg = Debug|Any CPU
		{814C72B4-BD21-45EA-9563-45C3E24C526A}.Debug|x64.Build.0 = Debug|Any CPU
		{814C72B4-BD21-45EA-9563-45C3E24C526A}.Debug|x86.ActiveCfg = Debug|Any CPU
		{814C72B4-BD21-45EA-9563-45C3E24C526A}.Debug|x86.Build.0 = Debug|Any CPU
		{814C72B4-BD21-45EA-9563-45C3E24C526A}.Release|Any CPU.ActiveCfg = Release|Any CPU
		{814C72B4-BD21-45EA-9563-45C3E24C526A}.Release|Any CPU.Build.0 = Release|Any CPU
		{814C72B4-BD21-45EA-9563-45C3E24C526A}.Release|x64.ActiveCfg = Release|Any CPU
		{814C72B4-BD21-45EA-9563-45C3E24C526A}.Release|x64.Build.0 = Release|Any CPU
		{814C72B4-BD21-45EA-9563-45C3E24C526A}.Release|x86.ActiveCfg = Release|Any CPU
		{814C72B4-BD21-45EA-9563-45C3E24C526A}.Release|x86.Build.0 = Release|Any CPU
		{42B8235C-A2D2-4D1A-89EB-2904CA8879EA}.Debug|Any CPU.ActiveCfg = Debug|Any CPU
		{42B8235C-A2D2-4D1A-89EB-2904CA8879EA}.Debug|Any CPU.Build.0 = Debug|Any CPU
		{42B8235C-A2D2-4D1A-89EB-2904CA8879EA}.Debug|x64.ActiveCfg = Debug|Any CPU
		{42B8235C-A2D2-4D1A-89EB-2904CA8879EA}.Debug|x64.Build.0 = Debug|Any CPU
		{42B8235C-A2D2-4D1A-89EB-2904CA8879EA}.Debug|x86.ActiveCfg = Debug|Any CPU
		{42B8235C-A2D2-4D1A-89EB-2904CA8879EA}.Debug|x86.Build.0 = Debug|Any CPU
		{42B8235C-A2D2-4D1A-89EB-2904CA8879EA}.Release|Any CPU.ActiveCfg = Release|Any CPU
		{42B8235C-A2D2-4D1A-89EB-2904CA8879EA}.Release|Any CPU.Build.0 = Release|Any CPU
		{42B8235C-A2D2-4D1A-89EB-2904CA8879EA}.Release|x64.ActiveCfg = Release|Any CPU
		{42B8235C-A2D2-4D1A-89EB-2904CA8879EA}.Release|x64.Build.0 = Release|Any CPU
		{42B8235C-A2D2-4D1A-89EB-2904CA8879EA}.Release|x86.ActiveCfg = Release|Any CPU
		{42B8235C-A2D2-4D1A-89EB-2904CA8879EA}.Release|x86.Build.0 = Release|Any CPU
		{FF1262F1-6CE3-4CCE-9B2E-C7D7618A9546}.Debug|Any CPU.ActiveCfg = Debug|Any CPU
		{FF1262F1-6CE3-4CCE-9B2E-C7D7618A9546}.Debug|Any CPU.Build.0 = Debug|Any CPU
		{FF1262F1-6CE3-4CCE-9B2E-C7D7618A9546}.Debug|x64.ActiveCfg = Debug|Any CPU
		{FF1262F1-6CE3-4CCE-9B2E-C7D7618A9546}.Debug|x64.Build.0 = Debug|Any CPU
		{FF1262F1-6CE3-4CCE-9B2E-C7D7618A9546}.Debug|x86.ActiveCfg = Debug|Any CPU
		{FF1262F1-6CE3-4CCE-9B2E-C7D7618A9546}.Debug|x86.Build.0 = Debug|Any CPU
		{FF1262F1-6CE3-4CCE-9B2E-C7D7618A9546}.Release|Any CPU.ActiveCfg = Release|Any CPU
		{FF1262F1-6CE3-4CCE-9B2E-C7D7618A9546}.Release|Any CPU.Build.0 = Release|Any CPU
		{FF1262F1-6CE3-4CCE-9B2E-C7D7618A9546}.Release|x64.ActiveCfg = Release|Any CPU
		{FF1262F1-6CE3-4CCE-9B2E-C7D7618A9546}.Release|x64.Build.0 = Release|Any CPU
		{FF1262F1-6CE3-4CCE-9B2E-C7D7618A9546}.Release|x86.ActiveCfg = Release|Any CPU
		{FF1262F1-6CE3-4CCE-9B2E-C7D7618A9546}.Release|x86.Build.0 = Release|Any CPU
	EndGlobalSection
	GlobalSection(SolutionProperties) = preSolution
		HideSolutionNode = FALSE
	EndGlobalSection
	GlobalSection(NestedProjects) = preSolution
		{8BE58C10-DD11-4674-AC9E-4768959A4EFB} = {827E0CD3-B72D-47B6-A68D-7590B98EB39B}
		{2F9E27E1-66EA-4F39-96AA-742DD530ED11} = {827E0CD3-B72D-47B6-A68D-7590B98EB39B}
		{70374D0A-A5B9-4328-9147-18ECE27223A1} = {827E0CD3-B72D-47B6-A68D-7590B98EB39B}
		{0DA2A4D1-AAE4-4440-A702-E830327BEC41} = {827E0CD3-B72D-47B6-A68D-7590B98EB39B}
		{5B911018-4206-4B4C-B038-663129691561} = {827E0CD3-B72D-47B6-A68D-7590B98EB39B}
		{3523E443-C10E-4E6D-B518-4C7AAAE395AC} = {827E0CD3-B72D-47B6-A68D-7590B98EB39B}
		{EB2EB499-7095-44A7-8954-96E77643D9BE} = {0AB3BF05-4346-4AA6-1389-037BE0695223}
		{5357D2F6-587D-4D76-B777-0B587FFE6175} = {0AB3BF05-4346-4AA6-1389-037BE0695223}
		{814C72B4-BD21-45EA-9563-45C3E24C526A} = {0AB3BF05-4346-4AA6-1389-037BE0695223}
		{42B8235C-A2D2-4D1A-89EB-2904CA8879EA} = {0AB3BF05-4346-4AA6-1389-037BE0695223}
		{FF1262F1-6CE3-4CCE-9B2E-C7D7618A9546} = {0AB3BF05-4346-4AA6-1389-037BE0695223}
	EndGlobalSection
EndGlobal
